
Microsoft Visual Studio Solution File, Format Version 12.00
# Visual Studio 15
VisualStudioVersion = 15.0.27703.2018
MinimumVisualStudioVersion = 10.0.40219.1
Project("{8BC9CEB8-8B4A-11D0-8D11-00A0C91BC942}") = "SingletonCPP", "SingletonCPP\SingletonCPP.vcxproj", "{B4FA0914-B08D-4200-8502-8883C4345675}"
EndProject
Global
	GlobalSection(SolutionConfigurationPlatforms) = preSolution
		Debug|x64 = Debug|x64
		Debug|x86 = Debug|x86
		Release|x64 = Release|x64
		Release|x86 = Release|x86
	EndGlobalSection
	GlobalSection(ProjectConfigurationPlatforms) = postSolution
		{B4FA0914-B08D-4200-8502-8883C4345675}.Debug|x64.ActiveCfg = Debug|x64
		{B4FA0914-B08D-4200-8502-8883C4345675}.Debug|x64.Build.0 = Debug|x64
		{B4FA0914-B08D-4200-8502-8883C4345675}.Debug|x86.ActiveCfg = Debug|Win32
		{B4FA0914-B08D-4200-8502-8883C4345675}.Debug|x86.Build.0 = Debug|Win32
		{B4FA0914-B08D-4200-8502-8883C4345675}.Release|x64.ActiveCfg = Release|x64
		{B4FA0914-B08D-4200-8502-8883C4345675}.Release|x64.Build.0 = Release|x64
		{B4FA0914-B08D-4200-8502-8883C4345675}.Release|x86.ActiveCfg = Release|Win32
		{B4FA0914-B08D-4200-8502-8883C4345675}.Release|x86.Build.0 = Release|Win32
	EndGlobalSection
	GlobalSection(SolutionProperties) = preSolution
		HideSolutionNode = FALSE
	EndGlobalSection
	GlobalSection(ExtensibilityGlobals) = postSolution
		SolutionGuid = {DCA6D463-E022-408F-9437-83A7E0D9D9F0}
	EndGlobalSection
EndGlobal
