
Microsoft Visual Studio Solution File, Format Version 12.00
# Visual Studio 15
VisualStudioVersion = 15.0.27703.2018
MinimumVisualStudioVersion = 10.0.40219.1
Project("{8BC9CEB8-8B4A-11D0-8D11-00A0C91BC942}") = "FacadeCPP", "FacadeCPP\FacadeCPP.vcxproj", "{2F164496-9820-4CF7-8DB9-8C7FF6F911D1}"
EndProject
Global
	GlobalSection(SolutionConfigurationPlatforms) = preSolution
		Debug|x64 = Debug|x64
		Debug|x86 = Debug|x86
		Release|x64 = Release|x64
		Release|x86 = Release|x86
	EndGlobalSection
	GlobalSection(ProjectConfigurationPlatforms) = postSolution
		{2F164496-9820-4CF7-8DB9-8C7FF6F911D1}.Debug|x64.ActiveCfg = Debug|x64
		{2F164496-9820-4CF7-8DB9-8C7FF6F911D1}.Debug|x64.Build.0 = Debug|x64
		{2F164496-9820-4CF7-8DB9-8C7FF6F911D1}.Debug|x86.ActiveCfg = Debug|Win32
		{2F164496-9820-4CF7-8DB9-8C7FF6F911D1}.Debug|x86.Build.0 = Debug|Win32
		{2F164496-9820-4CF7-8DB9-8C7FF6F911D1}.Release|x64.ActiveCfg = Release|x64
		{2F164496-9820-4CF7-8DB9-8C7FF6F911D1}.Release|x64.Build.0 = Release|x64
		{2F164496-9820-4CF7-8DB9-8C7FF6F911D1}.Release|x86.ActiveCfg = Release|Win32
		{2F164496-9820-4CF7-8DB9-8C7FF6F911D1}.Release|x86.Build.0 = Release|Win32
	EndGlobalSection
	GlobalSection(SolutionProperties) = preSolution
		HideSolutionNode = FALSE
	EndGlobalSection
	GlobalSection(ExtensibilityGlobals) = postSolution
		SolutionGuid = {8A5B743E-2310-441F-A329-5EC482B019B5}
	EndGlobalSection
EndGlobal
