
Microsoft Visual Studio Solution File, Format Version 12.00
# Visual Studio 15
VisualStudioVersion = 15.0.27703.2018
MinimumVisualStudioVersion = 10.0.40219.1
Project("{FAE04EC0-301F-11D3-BF4B-00C04F79EFBC}") = "InterpreterCSharp", "InterpreterCSharp\InterpreterCSharp.csproj", "{5B2A52DA-F915-45EA-8E79-321F98FB7CCD}"
EndProject
Global
	GlobalSection(SolutionConfigurationPlatforms) = preSolution
		Debug|Any CPU = Debug|Any CPU
		Release|Any CPU = Release|Any CPU
	EndGlobalSection
	GlobalSection(ProjectConfigurationPlatforms) = postSolution
		{5B2A52DA-F915-45EA-8E79-321F98FB7CCD}.Debug|Any CPU.ActiveCfg = Debug|Any CPU
		{5B2A52DA-F915-45EA-8E79-321F98FB7CCD}.Debug|Any CPU.Build.0 = Debug|Any CPU
		{5B2A52DA-F915-45EA-8E79-321F98FB7CCD}.Release|Any CPU.ActiveCfg = Release|Any CPU
		{5B2A52DA-F915-45EA-8E79-321F98FB7CCD}.Release|Any CPU.Build.0 = Release|Any CPU
	EndGlobalSection
	GlobalSection(SolutionProperties) = preSolution
		HideSolutionNode = FALSE
	EndGlobalSection
	GlobalSection(ExtensibilityGlobals) = postSolution
		SolutionGuid = {54DBD0EE-782F-412D-B2D6-5D5DB85D9B28}
	EndGlobalSection
EndGlobal
