
Microsoft Visual Studio Solution File, Format Version 12.00
# Visual Studio 15
VisualStudioVersion = 15.0.27703.2042
MinimumVisualStudioVersion = 10.0.40219.1
Project("{8BC9CEB8-8B4A-11D0-8D11-00A0C91BC942}") = "VisitorCPP", "VisitorCPP\VisitorCPP.vcxproj", "{B1B70F59-641F-49EF-99C9-E158DE530742}"
EndProject
Global
	GlobalSection(SolutionConfigurationPlatforms) = preSolution
		Debug|x64 = Debug|x64
		Debug|x86 = Debug|x86
		Release|x64 = Release|x64
		Release|x86 = Release|x86
	EndGlobalSection
	GlobalSection(ProjectConfigurationPlatforms) = postSolution
		{B1B70F59-641F-49EF-99C9-E158DE530742}.Debug|x64.ActiveCfg = Debug|x64
		{B1B70F59-641F-49EF-99C9-E158DE530742}.Debug|x64.Build.0 = Debug|x64
		{B1B70F59-641F-49EF-99C9-E158DE530742}.Debug|x86.ActiveCfg = Debug|Win32
		{B1B70F59-641F-49EF-99C9-E158DE530742}.Debug|x86.Build.0 = Debug|Win32
		{B1B70F59-641F-49EF-99C9-E158DE530742}.Release|x64.ActiveCfg = Release|x64
		{B1B70F59-641F-49EF-99C9-E158DE530742}.Release|x64.Build.0 = Release|x64
		{B1B70F59-641F-49EF-99C9-E158DE530742}.Release|x86.ActiveCfg = Release|Win32
		{B1B70F59-641F-49EF-99C9-E158DE530742}.Release|x86.Build.0 = Release|Win32
	EndGlobalSection
	GlobalSection(SolutionProperties) = preSolution
		HideSolutionNode = FALSE
	EndGlobalSection
	GlobalSection(ExtensibilityGlobals) = postSolution
		SolutionGuid = {C2EF9383-5268-4594-AD96-581A2DCD6AD8}
	EndGlobalSection
EndGlobal
