
Microsoft Visual Studio Solution File, Format Version 12.00
# Visual Studio 15
VisualStudioVersion = 15.0.27703.2018
MinimumVisualStudioVersion = 10.0.40219.1
Project("{FAE04EC0-301F-11D3-BF4B-00C04F79EFBC}") = "AdapterCSharp", "AdapterCSharp\AdapterCSharp.csproj", "{53457FE3-A3B0-4CE9-9D80-884300156200}"
EndProject
Global
	GlobalSection(SolutionConfigurationPlatforms) = preSolution
		Debug|Any CPU = Debug|Any CPU
		Release|Any CPU = Release|Any CPU
	EndGlobalSection
	GlobalSection(ProjectConfigurationPlatforms) = postSolution
		{53457FE3-A3B0-4CE9-9D80-884300156200}.Debug|Any CPU.ActiveCfg = Debug|Any CPU
		{53457FE3-A3B0-4CE9-9D80-884300156200}.Debug|Any CPU.Build.0 = Debug|Any CPU
		{53457FE3-A3B0-4CE9-9D80-884300156200}.Release|Any CPU.ActiveCfg = Release|Any CPU
		{53457FE3-A3B0-4CE9-9D80-884300156200}.Release|Any CPU.Build.0 = Release|Any CPU
	EndGlobalSection
	GlobalSection(SolutionProperties) = preSolution
		HideSolutionNode = FALSE
	EndGlobalSection
	GlobalSection(ExtensibilityGlobals) = postSolution
		SolutionGuid = {84094A3A-560F-4E15-9234-A32099CF84D4}
	EndGlobalSection
EndGlobal
