
Microsoft Visual Studio Solution File, Format Version 12.00
# Visual Studio 15
VisualStudioVersion = 15.0.27703.2018
MinimumVisualStudioVersion = 10.0.40219.1
Project("{8BC9CEB8-8B4A-11D0-8D11-00A0C91BC942}") = "AbstractFactoryCPP", "AbstractFactoryCPP\AbstractFactoryCPP.vcxproj", "{6EE2CB54-83EA-4703-96C3-F89A7893404D}"
EndProject
Global
	GlobalSection(SolutionConfigurationPlatforms) = preSolution
		Debug|x64 = Debug|x64
		Debug|x86 = Debug|x86
		Release|x64 = Release|x64
		Release|x86 = Release|x86
	EndGlobalSection
	GlobalSection(ProjectConfigurationPlatforms) = postSolution
		{6EE2CB54-83EA-4703-96C3-F89A7893404D}.Debug|x64.ActiveCfg = Debug|x64
		{6EE2CB54-83EA-4703-96C3-F89A7893404D}.Debug|x64.Build.0 = Debug|x64
		{6EE2CB54-83EA-4703-96C3-F89A7893404D}.Debug|x86.ActiveCfg = Debug|Win32
		{6EE2CB54-83EA-4703-96C3-F89A7893404D}.Debug|x86.Build.0 = Debug|Win32
		{6EE2CB54-83EA-4703-96C3-F89A7893404D}.Release|x64.ActiveCfg = Release|x64
		{6EE2CB54-83EA-4703-96C3-F89A7893404D}.Release|x64.Build.0 = Release|x64
		{6EE2CB54-83EA-4703-96C3-F89A7893404D}.Release|x86.ActiveCfg = Release|Win32
		{6EE2CB54-83EA-4703-96C3-F89A7893404D}.Release|x86.Build.0 = Release|Win32
	EndGlobalSection
	GlobalSection(SolutionProperties) = preSolution
		HideSolutionNode = FALSE
	EndGlobalSection
	GlobalSection(ExtensibilityGlobals) = postSolution
		SolutionGuid = {64EFDABE-FAEE-425D-9DA8-BDB660D5A913}
	EndGlobalSection
EndGlobal
